// !$*UTF8*$!
{
	archiveVersion = 1;
	classes = {
	};
	objectVersion = 56;
	objects = {

/* Begin PBXBuildFile section */
		1246A697DFDC445C2327AA12 /* Pods_TSHPaySample.framework in Frameworks */ = {isa = PBXBuildFile; fileRef = BC3277888DC1DBF875461008 /* Pods_TSHPaySample.framework */; };
		3E20FFB52C590AEE003DEB47 /* TSHPaySampleApp.swift in Sources */ = {isa = PBXBuildFile; fileRef = 3E20FFB42C590AEE003DEB47 /* TSHPaySampleApp.swift */; };
		3E20FFB92C590AF0003DEB47 /* Assets.xcassets in Resources */ = {isa = PBXBuildFile; fileRef = 3E20FFB82C590AF0003DEB47 /* Assets.xcassets */; };
		3E20FFBC2C590AF0003DEB47 /* Preview Assets.xcassets in Resources */ = {isa = PBXBuildFile; fileRef = 3E20FFBB2C590AF0003DEB47 /* Preview Assets.xcassets */; };
		3E20FFD42C591F30003DEB47 /* CardListView.swift in Sources */ = {isa = PBXBuildFile; fileRef = 3E20FFD32C591F30003DEB47 /* CardListView.swift */; };
		3E3A67FD2C8C3C61007AA3D2 /* CardFrontModel.swift in Sources */ = {isa = PBXBuildFile; fileRef = 3E3A67FC2C8C3C61007AA3D2 /* CardFrontModel.swift */; };
		3E3A68002C8C43AE007AA3D2 /* Localizable.xcstrings in Resources */ = {isa = PBXBuildFile; fileRef = 3E3A67FF2C8C43AE007AA3D2 /* Localizable.xcstrings */; };
		3E3A68022C8C9EA9007AA3D2 /* AppView.swift in Sources */ = {isa = PBXBuildFile; fileRef = 3E3A68012C8C9EA9007AA3D2 /* AppView.swift */; };
		3E3A68042C8D890E007AA3D2 /* AppModel.swift in Sources */ = {isa = PBXBuildFile; fileRef = 3E3A68032C8D890E007AA3D2 /* AppModel.swift */; };
		3E54C1AD2C7C7C8B00941874 /* AppDelegate.swift in Sources */ = {isa = PBXBuildFile; fileRef = 3E54C1AC2C7C7C8B00941874 /* AppDelegate.swift */; };
		3E54C1B12C7C8D7A00941874 /* TSHPayQA1.plist in Resources */ = {isa = PBXBuildFile; fileRef = 3E54C1B02C7C8D7A00941874 /* TSHPayQA1.plist */; };
		3E54C1B32C7C8DC400941874 /* ServerEnvironment.swift in Sources */ = {isa = PBXBuildFile; fileRef = 3E54C1B22C7C8DC400941874 /* ServerEnvironment.swift */; };
		3E54C1B52C7CA41200941874 /* GoogleService-Info.plist in Resources */ = {isa = PBXBuildFile; fileRef = 3E54C1B42C7CA41200941874 /* GoogleService-Info.plist */; };
		3E54C1C12C7CD17400941874 /* ToastViewModifier.swift in Sources */ = {isa = PBXBuildFile; fileRef = 3E54C1C02C7CD17400941874 /* ToastViewModifier.swift */; };
		3E54C1C72C7F54B700941874 /* AddCardView.swift in Sources */ = {isa = PBXBuildFile; fileRef = 3E54C1C62C7F54B700941874 /* AddCardView.swift */; };
		3E54C1CB2C7F58CE00941874 /* CardListModel.swift in Sources */ = {isa = PBXBuildFile; fileRef = 3E54C1CA2C7F58CE00941874 /* CardListModel.swift */; };
		3E54C1CD2C7F61FF00941874 /* CardFrontView.swift in Sources */ = {isa = PBXBuildFile; fileRef = 3E54C1CC2C7F61FF00941874 /* CardFrontView.swift */; };
		3E9AA8F32CF720B700DB9D08 /* TSHPayPreProd.plist in Resources */ = {isa = PBXBuildFile; fileRef = 3E9AA8F22CF720B700DB9D08 /* TSHPayPreProd.plist */; };
		3EABC0F62CF8A1780085951A /* CryptoUtil.swift in Sources */ = {isa = PBXBuildFile; fileRef = 3EABC0F32CF8A1780085951A /* CryptoUtil.swift */; };
		3EABC0F72CF8A1780085951A /* pkcs7_util.c in Sources */ = {isa = PBXBuildFile; fileRef = 3EABC0F52CF8A1780085951A /* pkcs7_util.c */; };
		3EABC0F92CF8A2D10085951A /* Hexadecimal.swift in Sources */ = {isa = PBXBuildFile; fileRef = 3EABC0F82CF8A2CD0085951A /* Hexadecimal.swift */; };
		3ECB8D092CC27ECA00C224E2 /* EnrollmentState.swift in Sources */ = {isa = PBXBuildFile; fileRef = 3ECB8D082CC27EC700C224E2 /* EnrollmentState.swift */; };
		3ECB8D0B2CCAB88400C224E2 /* EnrollmentModifier.swift in Sources */ = {isa = PBXBuildFile; fileRef = 3ECB8D0A2CCAB87E00C224E2 /* EnrollmentModifier.swift */; };
		3ED387F72C66436A002154D4 /* AppLogger.swift in Sources */ = {isa = PBXBuildFile; fileRef = 3ED387F62C66436A002154D4 /* AppLogger.swift */; };
		DB72C45F2CBEB7B800E52A9C /* PresentmentIntentAssertion.swift in Sources */ = {isa = PBXBuildFile; fileRef = DB72C45E2CBEB7AC00E52A9C /* PresentmentIntentAssertion.swift */; };
		DBF0FE492CB3E24100FD4C57 /* PaymentModel.swift in Sources */ = {isa = PBXBuildFile; fileRef = DBF0FE482CB3E23F00FD4C57 /* PaymentModel.swift */; };
		DBF0FE4B2CB4041500FD4C57 /* SceneDelegate.swift in Sources */ = {isa = PBXBuildFile; fileRef = DBF0FE4A2CB4040D00FD4C57 /* SceneDelegate.swift */; };
/* End PBXBuildFile section */

/* Begin PBXCopyFilesBuildPhase section */
		DBD8EDA72CB3CBFC0084ED63 /* Embed Frameworks */ = {
			isa = PBXCopyFilesBuildPhase;
			buildActionMask = 2147483647;
			dstPath = "";
			dstSubfolderSpec = 10;
			files = (
			);
			name = "Embed Frameworks";
			runOnlyForDeploymentPostprocessing = 0;
		};
/* End PBXCopyFilesBuildPhase section */

/* Begin PBXFileReference section */
		27FCF2118BFAD6006A68B153 /* Pods-TSHPaySample.release.xcconfig */ = {isa = PBXFileReference; includeInIndex = 1; lastKnownFileType = text.xcconfig; name = "Pods-TSHPaySample.release.xcconfig"; path = "Target Support Files/Pods-TSHPaySample/Pods-TSHPaySample.release.xcconfig"; sourceTree = "<group>"; };
		3E20FFB12C590AEE003DEB47 /* TSHPaySample.app */ = {isa = PBXFileReference; explicitFileType = wrapper.application; includeInIndex = 0; path = TSHPaySample.app; sourceTree = BUILT_PRODUCTS_DIR; };
		3E20FFB42C590AEE003DEB47 /* TSHPaySampleApp.swift */ = {isa = PBXFileReference; lastKnownFileType = sourcecode.swift; path = TSHPaySampleApp.swift; sourceTree = "<group>"; };
		3E20FFB82C590AF0003DEB47 /* Assets.xcassets */ = {isa = PBXFileReference; lastKnownFileType = folder.assetcatalog; path = Assets.xcassets; sourceTree = "<group>"; };
		3E20FFBB2C590AF0003DEB47 /* Preview Assets.xcassets */ = {isa = PBXFileReference; lastKnownFileType = folder.assetcatalog; path = "Preview Assets.xcassets"; sourceTree = "<group>"; };
		3E20FFD32C591F30003DEB47 /* CardListView.swift */ = {isa = PBXFileReference; lastKnownFileType = sourcecode.swift; path = CardListView.swift; sourceTree = "<group>"; };
		3E3A67FC2C8C3C61007AA3D2 /* CardFrontModel.swift */ = {isa = PBXFileReference; lastKnownFileType = sourcecode.swift; path = CardFrontModel.swift; sourceTree = "<group>"; };
		3E3A67FF2C8C43AE007AA3D2 /* Localizable.xcstrings */ = {isa = PBXFileReference; lastKnownFileType = text.json.xcstrings; path = Localizable.xcstrings; sourceTree = "<group>"; };
		3E3A68012C8C9EA9007AA3D2 /* AppView.swift */ = {isa = PBXFileReference; lastKnownFileType = sourcecode.swift; path = AppView.swift; sourceTree = "<group>"; };
		3E3A68032C8D890E007AA3D2 /* AppModel.swift */ = {isa = PBXFileReference; lastKnownFileType = sourcecode.swift; path = AppModel.swift; sourceTree = "<group>"; };
		3E54C1AC2C7C7C8B00941874 /* AppDelegate.swift */ = {isa = PBXFileReference; lastKnownFileType = sourcecode.swift; path = AppDelegate.swift; sourceTree = "<group>"; };
		3E54C1B02C7C8D7A00941874 /* TSHPayQA1.plist */ = {isa = PBXFileReference; fileEncoding = 4; lastKnownFileType = text.plist.xml; path = TSHPayQA1.plist; sourceTree = "<group>"; };
		3E54C1B22C7C8DC400941874 /* ServerEnvironment.swift */ = {isa = PBXFileReference; lastKnownFileType = sourcecode.swift; path = ServerEnvironment.swift; sourceTree = "<group>"; };
		3E54C1B42C7CA41200941874 /* GoogleService-Info.plist */ = {isa = PBXFileReference; fileEncoding = 4; lastKnownFileType = text.plist.xml; path = "GoogleService-Info.plist"; sourceTree = "<group>"; };
		3E54C1B62C7CA48100941874 /* TSHPaySample.entitlements */ = {isa = PBXFileReference; lastKnownFileType = text.plist.entitlements; path = TSHPaySample.entitlements; sourceTree = "<group>"; };
		3E54C1C02C7CD17400941874 /* ToastViewModifier.swift */ = {isa = PBXFileReference; lastKnownFileType = sourcecode.swift; path = ToastViewModifier.swift; sourceTree = "<group>"; };
		3E54C1C52C7F28A800941874 /* Info.plist */ = {isa = PBXFileReference; lastKnownFileType = text.plist; path = Info.plist; sourceTree = "<group>"; };
		3E54C1C62C7F54B700941874 /* AddCardView.swift */ = {isa = PBXFileReference; lastKnownFileType = sourcecode.swift; path = AddCardView.swift; sourceTree = "<group>"; };
		3E54C1CA2C7F58CE00941874 /* CardListModel.swift */ = {isa = PBXFileReference; lastKnownFileType = sourcecode.swift; path = CardListModel.swift; sourceTree = "<group>"; };
		3E54C1CC2C7F61FF00941874 /* CardFrontView.swift */ = {isa = PBXFileReference; lastKnownFileType = sourcecode.swift; path = CardFrontView.swift; sourceTree = "<group>"; };
		3E9AA8F12CF71C6B00DB9D08 /* TSHPaySample-Bridging-Header.h */ = {isa = PBXFileReference; lastKnownFileType = sourcecode.c.h; path = "TSHPaySample-Bridging-Header.h"; sourceTree = "<group>"; };
		3E9AA8F22CF720B700DB9D08 /* TSHPayPreProd.plist */ = {isa = PBXFileReference; lastKnownFileType = text.plist.xml; path = TSHPayPreProd.plist; sourceTree = "<group>"; };
		3EABC0F32CF8A1780085951A /* CryptoUtil.swift */ = {isa = PBXFileReference; lastKnownFileType = sourcecode.swift; path = CryptoUtil.swift; sourceTree = "<group>"; };
		3EABC0F42CF8A1780085951A /* pkcs7_util.h */ = {isa = PBXFileReference; lastKnownFileType = sourcecode.c.h; path = pkcs7_util.h; sourceTree = "<group>"; };
		3EABC0F52CF8A1780085951A /* pkcs7_util.c */ = {isa = PBXFileReference; lastKnownFileType = sourcecode.c.c; path = pkcs7_util.c; sourceTree = "<group>"; };
		3EABC0F82CF8A2CD0085951A /* Hexadecimal.swift */ = {isa = PBXFileReference; lastKnownFileType = sourcecode.swift; path = Hexadecimal.swift; sourceTree = "<group>"; };
		3ECB8D082CC27EC700C224E2 /* EnrollmentState.swift */ = {isa = PBXFileReference; lastKnownFileType = sourcecode.swift; path = EnrollmentState.swift; sourceTree = "<group>"; };
		3ECB8D0A2CCAB87E00C224E2 /* EnrollmentModifier.swift */ = {isa = PBXFileReference; lastKnownFileType = sourcecode.swift; path = EnrollmentModifier.swift; sourceTree = "<group>"; };
		3ED387F62C66436A002154D4 /* AppLogger.swift */ = {isa = PBXFileReference; lastKnownFileType = sourcecode.swift; path = AppLogger.swift; sourceTree = "<group>"; };
		6B4F739E4AA6A8A2A6C4EF69 /* Pods-TSHPaySample.debug.xcconfig */ = {isa = PBXFileReference; includeInIndex = 1; lastKnownFileType = text.xcconfig; name = "Pods-TSHPaySample.debug.xcconfig"; path = "Target Support Files/Pods-TSHPaySample/Pods-TSHPaySample.debug.xcconfig"; sourceTree = "<group>"; };
		BC3277888DC1DBF875461008 /* Pods_TSHPaySample.framework */ = {isa = PBXFileReference; explicitFileType = wrapper.framework; includeInIndex = 0; path = Pods_TSHPaySample.framework; sourceTree = BUILT_PRODUCTS_DIR; };
		DB72C45E2CBEB7AC00E52A9C /* PresentmentIntentAssertion.swift */ = {isa = PBXFileReference; lastKnownFileType = sourcecode.swift; path = PresentmentIntentAssertion.swift; sourceTree = "<group>"; };
		DBF0FE482CB3E23F00FD4C57 /* PaymentModel.swift */ = {isa = PBXFileReference; lastKnownFileType = sourcecode.swift; path = PaymentModel.swift; sourceTree = "<group>"; };
		DBF0FE4A2CB4040D00FD4C57 /* SceneDelegate.swift */ = {isa = PBXFileReference; lastKnownFileType = sourcecode.swift; path = SceneDelegate.swift; sourceTree = "<group>"; };
/* End PBXFileReference section */

/* Begin PBXFrameworksBuildPhase section */
		3E20FFAE2C590AEE003DEB47 /* Frameworks */ = {
			isa = PBXFrameworksBuildPhase;
			buildActionMask = 2147483647;
			files = (
				1246A697DFDC445C2327AA12 /* Pods_TSHPaySample.framework in Frameworks */,
			);
			runOnlyForDeploymentPostprocessing = 0;
		};
/* End PBXFrameworksBuildPhase section */

/* Begin PBXGroup section */
		3E20FFA82C590AEE003DEB47 = {
			isa = PBXGroup;
			children = (
				3E20FFB32C590AEE003DEB47 /* TSHPaySample */,
				3E20FFB22C590AEE003DEB47 /* Products */,
				E9938DD4F5B77C62F3C26F57 /* Pods */,
				52FD303AE8115B894B6BCF00 /* Frameworks */,
			);
			sourceTree = "<group>";
		};
		3E20FFB22C590AEE003DEB47 /* Products */ = {
			isa = PBXGroup;
			children = (
				3E20FFB12C590AEE003DEB47 /* TSHPaySample.app */,
			);
			name = Products;
			sourceTree = "<group>";
		};
		3E20FFB32C590AEE003DEB47 /* TSHPaySample */ = {
			isa = PBXGroup;
			children = (
				3E54C1C52C7F28A800941874 /* Info.plist */,
				3E3A67FF2C8C43AE007AA3D2 /* Localizable.xcstrings */,
				3E54C1B62C7CA48100941874 /* TSHPaySample.entitlements */,
				3E20FFC22C591D72003DEB47 /* Data */,
				3E20FFC32C591D85003DEB47 /* Models */,
				3ED387F52C664359002154D4 /* Utils */,
				3E20FFC42C591D91003DEB47 /* Views */,
				3E20FFB42C590AEE003DEB47 /* TSHPaySampleApp.swift */,
				3E54C1AC2C7C7C8B00941874 /* AppDelegate.swift */,
				DBF0FE4A2CB4040D00FD4C57 /* SceneDelegate.swift */,
				3E20FFB82C590AF0003DEB47 /* Assets.xcassets */,
				3E9AA8F22CF720B700DB9D08 /* TSHPayPreProd.plist */,
				3E54C1B02C7C8D7A00941874 /* TSHPayQA1.plist */,
				3E9AA8F12CF71C6B00DB9D08 /* TSHPaySample-Bridging-Header.h */,
				3E54C1B42C7CA41200941874 /* GoogleService-Info.plist */,
				3E20FFBA2C590AF0003DEB47 /* Preview Content */,
			);
			path = TSHPaySample;
			sourceTree = "<group>";
		};
		3E20FFBA2C590AF0003DEB47 /* Preview Content */ = {
			isa = PBXGroup;
			children = (
				3E20FFBB2C590AF0003DEB47 /* Preview Assets.xcassets */,
			);
			path = "Preview Content";
			sourceTree = "<group>";
		};
		3E20FFC22C591D72003DEB47 /* Data */ = {
			isa = PBXGroup;
			children = (
				3E54C1B22C7C8DC400941874 /* ServerEnvironment.swift */,
			);
			path = Data;
			sourceTree = "<group>";
		};
		3E20FFC32C591D85003DEB47 /* Models */ = {
			isa = PBXGroup;
			children = (
				3E3A68032C8D890E007AA3D2 /* AppModel.swift */,
				3E54C1CA2C7F58CE00941874 /* CardListModel.swift */,
				3E3A67FC2C8C3C61007AA3D2 /* CardFrontModel.swift */,
				3ECB8D082CC27EC700C224E2 /* EnrollmentState.swift */,
				DBF0FE482CB3E23F00FD4C57 /* PaymentModel.swift */,
			);
			path = Models;
			sourceTree = "<group>";
		};
		3E20FFC42C591D91003DEB47 /* Views */ = {
			isa = PBXGroup;
			children = (
				3E3A67FE2C8C3CB6007AA3D2 /* ViewElements */,
				3E54C1BF2C7CD16000941874 /* ViewModifiers */,
				3E3A68012C8C9EA9007AA3D2 /* AppView.swift */,
				3E54C1C62C7F54B700941874 /* AddCardView.swift */,
				3E20FFD32C591F30003DEB47 /* CardListView.swift */,
			);
			path = Views;
			sourceTree = "<group>";
		};
		3E3A67FE2C8C3CB6007AA3D2 /* ViewElements */ = {
			isa = PBXGroup;
			children = (
				3E54C1CC2C7F61FF00941874 /* CardFrontView.swift */,
			);
			path = ViewElements;
			sourceTree = "<group>";
		};
		3E54C1BF2C7CD16000941874 /* ViewModifiers */ = {
			isa = PBXGroup;
			children = (
				3E54C1C02C7CD17400941874 /* ToastViewModifier.swift */,
				3ECB8D0A2CCAB87E00C224E2 /* EnrollmentModifier.swift */,
			);
			path = ViewModifiers;
			sourceTree = "<group>";
		};
		3EABC0F22CF8A1590085951A /* Crypto */ = {
			isa = PBXGroup;
			children = (
				3EABC0F32CF8A1780085951A /* CryptoUtil.swift */,
				3EABC0F82CF8A2CD0085951A /* Hexadecimal.swift */,
				3EABC0F42CF8A1780085951A /* pkcs7_util.h */,
				3EABC0F52CF8A1780085951A /* pkcs7_util.c */,
			);
			path = Crypto;
			sourceTree = "<group>";
		};
		3ED387F52C664359002154D4 /* Utils */ = {
			isa = PBXGroup;
			children = (
				3EABC0F22CF8A1590085951A /* Crypto */,
				DB72C45E2CBEB7AC00E52A9C /* PresentmentIntentAssertion.swift */,
				3ED387F62C66436A002154D4 /* AppLogger.swift */,
			);
			path = Utils;
			sourceTree = "<group>";
		};
		52FD303AE8115B894B6BCF00 /* Frameworks */ = {
			isa = PBXGroup;
			children = (
				BC3277888DC1DBF875461008 /* Pods_TSHPaySample.framework */,
			);
			name = Frameworks;
			sourceTree = "<group>";
		};
		E9938DD4F5B77C62F3C26F57 /* Pods */ = {
			isa = PBXGroup;
			children = (
				6B4F739E4AA6A8A2A6C4EF69 /* Pods-TSHPaySample.debug.xcconfig */,
				27FCF2118BFAD6006A68B153 /* Pods-TSHPaySample.release.xcconfig */,
			);
			path = Pods;
			sourceTree = "<group>";
		};
/* End PBXGroup section */

/* Begin PBXNativeTarget section */
		3E20FFB02C590AEE003DEB47 /* TSHPaySample */ = {
			isa = PBXNativeTarget;
			buildConfigurationList = 3E20FFBF2C590AF0003DEB47 /* Build configuration list for PBXNativeTarget "TSHPaySample" */;
			buildPhases = (
				087AE707B6722A392245825B /* [CP] Check Pods Manifest.lock */,
				3E20FFAD2C590AEE003DEB47 /* Sources */,
				3E20FFAE2C590AEE003DEB47 /* Frameworks */,
				3E20FFAF2C590AEE003DEB47 /* Resources */,
				DBD8EDA72CB3CBFC0084ED63 /* Embed Frameworks */,
				30B5B51016A5EDA08B255C4F /* [CP] Embed Pods Frameworks */,
			);
			buildRules = (
			);
			dependencies = (
			);
			name = TSHPaySample;
			productName = TSHPaySample;
			productReference = 3E20FFB12C590AEE003DEB47 /* TSHPaySample.app */;
			productType = "com.apple.product-type.application";
		};
/* End PBXNativeTarget section */

/* Begin PBXProject section */
		3E20FFA92C590AEE003DEB47 /* Project object */ = {
			isa = PBXProject;
			attributes = {
				BuildIndependentTargetsInParallel = 1;
				LastSwiftUpdateCheck = 1540;
				LastUpgradeCheck = 1600;
				TargetAttributes = {
					3E20FFB02C590AEE003DEB47 = {
						CreatedOnToolsVersion = 15.4;
					};
				};
			};
			buildConfigurationList = 3E20FFAC2C590AEE003DEB47 /* Build configuration list for PBXProject "TSHPaySample" */;
			compatibilityVersion = "Xcode 14.0";
			developmentRegion = en;
			hasScannedForEncodings = 0;
			knownRegions = (
				en,
				Base,
			);
			mainGroup = 3E20FFA82C590AEE003DEB47;
			productRefGroup = 3E20FFB22C590AEE003DEB47 /* Products */;
			projectDirPath = "";
			projectRoot = "";
			targets = (
				3E20FFB02C590AEE003DEB47 /* TSHPaySample */,
			);
		};
/* End PBXProject section */

/* Begin PBXResourcesBuildPhase section */
		3E20FFAF2C590AEE003DEB47 /* Resources */ = {
			isa = PBXResourcesBuildPhase;
			buildActionMask = 2147483647;
			files = (
				3E54C1B12C7C8D7A00941874 /* TSHPayQA1.plist in Resources */,
				3E3A68002C8C43AE007AA3D2 /* Localizable.xcstrings in Resources */,
				3E9AA8F32CF720B700DB9D08 /* TSHPayPreProd.plist in Resources */,
				3E54C1B52C7CA41200941874 /* GoogleService-Info.plist in Resources */,
				3E20FFBC2C590AF0003DEB47 /* Preview Assets.xcassets in Resources */,
				3E20FFB92C590AF0003DEB47 /* Assets.xcassets in Resources */,
			);
			runOnlyForDeploymentPostprocessing = 0;
		};
/* End PBXResourcesBuildPhase section */

/* Begin PBXShellScriptBuildPhase section */
		087AE707B6722A392245825B /* [CP] Check Pods Manifest.lock */ = {
			isa = PBXShellScriptBuildPhase;
			buildActionMask = 2147483647;
			files = (
			);
			inputFileListPaths = (
			);
			inputPaths = (
				"${PODS_PODFILE_DIR_PATH}/Podfile.lock",
				"${PODS_ROOT}/Manifest.lock",
			);
			name = "[CP] Check Pods Manifest.lock";
			outputFileListPaths = (
			);
			outputPaths = (
				"$(DERIVED_FILE_DIR)/Pods-TSHPaySample-checkManifestLockResult.txt",
			);
			runOnlyForDeploymentPostprocessing = 0;
			shellPath = /bin/sh;
			shellScript = "diff \"${PODS_PODFILE_DIR_PATH}/Podfile.lock\" \"${PODS_ROOT}/Manifest.lock\" > /dev/null\nif [ $? != 0 ] ; then\n    # print error to STDERR\n    echo \"error: The sandbox is not in sync with the Podfile.lock. Run 'pod install' or update your CocoaPods installation.\" >&2\n    exit 1\nfi\n# This output is used by Xcode 'outputs' to avoid re-running this script phase.\necho \"SUCCESS\" > \"${SCRIPT_OUTPUT_FILE_0}\"\n";
			showEnvVarsInLog = 0;
		};
		30B5B51016A5EDA08B255C4F /* [CP] Embed Pods Frameworks */ = {
			isa = PBXShellScriptBuildPhase;
			buildActionMask = 2147483647;
			files = (
			);
			inputFileListPaths = (
				"${PODS_ROOT}/Target Support Files/Pods-TSHPaySample/Pods-TSHPaySample-frameworks-${CONFIGURATION}-input-files.xcfilelist",
			);
			name = "[CP] Embed Pods Frameworks";
			outputFileListPaths = (
				"${PODS_ROOT}/Target Support Files/Pods-TSHPaySample/Pods-TSHPaySample-frameworks-${CONFIGURATION}-output-files.xcfilelist",
			);
			runOnlyForDeploymentPostprocessing = 0;
			shellPath = /bin/sh;
			shellScript = "\"${PODS_ROOT}/Target Support Files/Pods-TSHPaySample/Pods-TSHPaySample-frameworks.sh\"\n";
			showEnvVarsInLog = 0;
		};
/* End PBXShellScriptBuildPhase section */

/* Begin PBXSourcesBuildPhase section */
		3E20FFAD2C590AEE003DEB47 /* Sources */ = {
			isa = PBXSourcesBuildPhase;
			buildActionMask = 2147483647;
			files = (
				3E54C1CB2C7F58CE00941874 /* CardListModel.swift in Sources */,
				3E54C1AD2C7C7C8B00941874 /* AppDelegate.swift in Sources */,
				DB72C45F2CBEB7B800E52A9C /* PresentmentIntentAssertion.swift in Sources */,
				3E54C1CD2C7F61FF00941874 /* CardFrontView.swift in Sources */,
				3E3A68022C8C9EA9007AA3D2 /* AppView.swift in Sources */,
				3E54C1C12C7CD17400941874 /* ToastViewModifier.swift in Sources */,
				3ECB8D0B2CCAB88400C224E2 /* EnrollmentModifier.swift in Sources */,
				DBF0FE492CB3E24100FD4C57 /* PaymentModel.swift in Sources */,
				3EABC0F62CF8A1780085951A /* CryptoUtil.swift in Sources */,
				3EABC0F72CF8A1780085951A /* pkcs7_util.c in Sources */,
				DBF0FE4B2CB4041500FD4C57 /* SceneDelegate.swift in Sources */,
				3E3A68042C8D890E007AA3D2 /* AppModel.swift in Sources */,
				3E54C1C72C7F54B700941874 /* AddCardView.swift in Sources */,
				3EABC0F92CF8A2D10085951A /* Hexadecimal.swift in Sources */,
				3E20FFD42C591F30003DEB47 /* CardListView.swift in Sources */,
				3E54C1B32C7C8DC400941874 /* ServerEnvironment.swift in Sources */,
				3E20FFB52C590AEE003DEB47 /* TSHPaySampleApp.swift in Sources */,
				3ED387F72C66436A002154D4 /* AppLogger.swift in Sources */,
				3E3A67FD2C8C3C61007AA3D2 /* CardFrontModel.swift in Sources */,
				3ECB8D092CC27ECA00C224E2 /* EnrollmentState.swift in Sources */,
			);
			runOnlyForDeploymentPostprocessing = 0;
		};
/* End PBXSourcesBuildPhase section */

/* Begin XCBuildConfiguration section */
		3E20FFBD2C590AF0003DEB47 /* Debug */ = {
			isa = XCBuildConfiguration;
			buildSettings = {
				ALWAYS_SEARCH_USER_PATHS = NO;
				ASSETCATALOG_COMPILER_GENERATE_SWIFT_ASSET_SYMBOL_EXTENSIONS = YES;
				CLANG_ANALYZER_NONNULL = YES;
				CLANG_ANALYZER_NUMBER_OBJECT_CONVERSION = YES_AGGRESSIVE;
				CLANG_CXX_LANGUAGE_STANDARD = "gnu++20";
				CLANG_ENABLE_MODULES = YES;
				CLANG_ENABLE_OBJC_ARC = YES;
				CLANG_ENABLE_OBJC_WEAK = YES;
				CLANG_WARN_BLOCK_CAPTURE_AUTORELEASING = YES;
				CLANG_WARN_BOOL_CONVERSION = YES;
				CLANG_WARN_COMMA = YES;
				CLANG_WARN_CONSTANT_CONVERSION = YES;
				CLANG_WARN_DEPRECATED_OBJC_IMPLEMENTATIONS = YES;
				CLANG_WARN_DIRECT_OBJC_ISA_USAGE = YES_ERROR;
				CLANG_WARN_DOCUMENTATION_COMMENTS = YES;
				CLANG_WARN_EMPTY_BODY = YES;
				CLANG_WARN_ENUM_CONVERSION = YES;
				CLANG_WARN_INFINITE_RECURSION = YES;
				CLANG_WARN_INT_CONVERSION = YES;
				CLANG_WARN_NON_LITERAL_NULL_CONVERSION = YES;
				CLANG_WARN_OBJC_IMPLICIT_RETAIN_SELF = YES;
				CLANG_WARN_OBJC_LITERAL_CONVERSION = YES;
				CLANG_WARN_OBJC_ROOT_CLASS = YES_ERROR;
				CLANG_WARN_QUOTED_INCLUDE_IN_FRAMEWORK_HEADER = YES;
				CLANG_WARN_RANGE_LOOP_ANALYSIS = YES;
				CLANG_WARN_STRICT_PROTOTYPES = YES;
				CLANG_WARN_SUSPICIOUS_MOVE = YES;
				CLANG_WARN_UNGUARDED_AVAILABILITY = YES_AGGRESSIVE;
				CLANG_WARN_UNREACHABLE_CODE = YES;
				CLANG_WARN__DUPLICATE_METHOD_MATCH = YES;
				COPY_PHASE_STRIP = NO;
				DEBUG_INFORMATION_FORMAT = dwarf;
				ENABLE_STRICT_OBJC_MSGSEND = YES;
				ENABLE_TESTABILITY = YES;
				ENABLE_USER_SCRIPT_SANDBOXING = YES;
				GCC_C_LANGUAGE_STANDARD = gnu17;
				GCC_DYNAMIC_NO_PIC = NO;
				GCC_NO_COMMON_BLOCKS = YES;
				GCC_OPTIMIZATION_LEVEL = 0;
				GCC_PREPROCESSOR_DEFINITIONS = (
					"DEBUG=1",
					"$(inherited)",
				);
				GCC_WARN_64_TO_32_BIT_CONVERSION = YES;
				GCC_WARN_ABOUT_RETURN_TYPE = YES_ERROR;
				GCC_WARN_UNDECLARED_SELECTOR = YES;
				GCC_WARN_UNINITIALIZED_AUTOS = YES_AGGRESSIVE;
				GCC_WARN_UNUSED_FUNCTION = YES;
				GCC_WARN_UNUSED_VARIABLE = YES;
				IPHONEOS_DEPLOYMENT_TARGET = 17.5;
				LOCALIZATION_PREFERS_STRING_CATALOGS = YES;
				MTL_ENABLE_DEBUG_INFO = INCLUDE_SOURCE;
				MTL_FAST_MATH = YES;
				ONLY_ACTIVE_ARCH = YES;
				SDKROOT = iphoneos;
				SWIFT_ACTIVE_COMPILATION_CONDITIONS = "DEBUG $(inherited)";
				SWIFT_OPTIMIZATION_LEVEL = "-Onone";
				SWIFT_VERSION = 5.0;
			};
			name = Debug;
		};
		3E20FFBE2C590AF0003DEB47 /* Release */ = {
			isa = XCBuildConfiguration;
			buildSettings = {
				ALWAYS_SEARCH_USER_PATHS = NO;
				ASSETCATALOG_COMPILER_GENERATE_SWIFT_ASSET_SYMBOL_EXTENSIONS = YES;
				CLANG_ANALYZER_NONNULL = YES;
				CLANG_ANALYZER_NUMBER_OBJECT_CONVERSION = YES_AGGRESSIVE;
				CLANG_CXX_LANGUAGE_STANDARD = "gnu++20";
				CLANG_ENABLE_MODULES = YES;
				CLANG_ENABLE_OBJC_ARC = YES;
				CLANG_ENABLE_OBJC_WEAK = YES;
				CLANG_WARN_BLOCK_CAPTURE_AUTORELEASING = YES;
				CLANG_WARN_BOOL_CONVERSION = YES;
				CLANG_WARN_COMMA = YES;
				CLANG_WARN_CONSTANT_CONVERSION = YES;
				CLANG_WARN_DEPRECATED_OBJC_IMPLEMENTATIONS = YES;
				CLANG_WARN_DIRECT_OBJC_ISA_USAGE = YES_ERROR;
				CLANG_WARN_DOCUMENTATION_COMMENTS = YES;
				CLANG_WARN_EMPTY_BODY = YES;
				CLANG_WARN_ENUM_CONVERSION = YES;
				CLANG_WARN_INFINITE_RECURSION = YES;
				CLANG_WARN_INT_CONVERSION = YES;
				CLANG_WARN_NON_LITERAL_NULL_CONVERSION = YES;
				CLANG_WARN_OBJC_IMPLICIT_RETAIN_SELF = YES;
				CLANG_WARN_OBJC_LITERAL_CONVERSION = YES;
				CLANG_WARN_OBJC_ROOT_CLASS = YES_ERROR;
				CLANG_WARN_QUOTED_INCLUDE_IN_FRAMEWORK_HEADER = YES;
				CLANG_WARN_RANGE_LOOP_ANALYSIS = YES;
				CLANG_WARN_STRICT_PROTOTYPES = YES;
				CLANG_WARN_SUSPICIOUS_MOVE = YES;
				CLANG_WARN_UNGUARDED_AVAILABILITY = YES_AGGRESSIVE;
				CLANG_WARN_UNREACHABLE_CODE = YES;
				CLANG_WARN__DUPLICATE_METHOD_MATCH = YES;
				COPY_PHASE_STRIP = NO;
				DEBUG_INFORMATION_FORMAT = "dwarf-with-dsym";
				ENABLE_NS_ASSERTIONS = NO;
				ENABLE_STRICT_OBJC_MSGSEND = YES;
				ENABLE_USER_SCRIPT_SANDBOXING = YES;
				GCC_C_LANGUAGE_STANDARD = gnu17;
				GCC_NO_COMMON_BLOCKS = YES;
				GCC_WARN_64_TO_32_BIT_CONVERSION = YES;
				GCC_WARN_ABOUT_RETURN_TYPE = YES_ERROR;
				GCC_WARN_UNDECLARED_SELECTOR = YES;
				GCC_WARN_UNINITIALIZED_AUTOS = YES_AGGRESSIVE;
				GCC_WARN_UNUSED_FUNCTION = YES;
				GCC_WARN_UNUSED_VARIABLE = YES;
				IPHONEOS_DEPLOYMENT_TARGET = 17.5;
				LOCALIZATION_PREFERS_STRING_CATALOGS = YES;
				MTL_ENABLE_DEBUG_INFO = NO;
				MTL_FAST_MATH = YES;
				SDKROOT = iphoneos;
				SWIFT_COMPILATION_MODE = wholemodule;
				SWIFT_VERSION = 5.0;
				VALIDATE_PRODUCT = YES;
			};
			name = Release;
		};
		3E20FFC02C590AF0003DEB47 /* Debug */ = {
			isa = XCBuildConfiguration;
			baseConfigurationReference = 6B4F739E4AA6A8A2A6C4EF69 /* Pods-TSHPaySample.debug.xcconfig */;
			buildSettings = {
				ASSETCATALOG_COMPILER_APPICON_NAME = AppIcon;
				ASSETCATALOG_COMPILER_GLOBAL_ACCENT_COLOR_NAME = AccentColor;
				BUILD_LIBRARY_FOR_DISTRIBUTION = NO;
				CODE_SIGN_ENTITLEMENTS = TSHPaySample/TSHPaySample.entitlements;
				CODE_SIGN_IDENTITY = "Apple Development";
				CODE_SIGN_STYLE = Manual;
				CURRENT_PROJECT_VERSION = 1;
				DEVELOPMENT_ASSET_PATHS = "\"TSHPaySample/Preview Content\"";
				DEVELOPMENT_TEAM = "";
				ENABLE_PREVIEWS = YES;
				ENABLE_USER_SCRIPT_SANDBOXING = false;
				GENERATE_INFOPLIST_FILE = YES;
				INFOPLIST_FILE = TSHPaySample/Info.plist;
				INFOPLIST_KEY_NSFaceIDUsageDescription = "TSHPaySample Authentication with TouchId or FaceID";
				INFOPLIST_KEY_UIApplicationSupportsIndirectInputEvents = YES;
				INFOPLIST_KEY_UILaunchScreen_Generation = YES;
				INFOPLIST_KEY_UISupportedInterfaceOrientations_iPad = "UIInterfaceOrientationPortrait UIInterfaceOrientationPortraitUpsideDown UIInterfaceOrientationLandscapeLeft UIInterfaceOrientationLandscapeRight";
				INFOPLIST_KEY_UISupportedInterfaceOrientations_iPhone = "UIInterfaceOrientationPortrait UIInterfaceOrientationLandscapeLeft UIInterfaceOrientationLandscapeRight";
				LD_RUNPATH_SEARCH_PATHS = (
					"$(inherited)",
					"@executable_path/Frameworks",
				);
				LIBRARY_SEARCH_PATHS = "$(inherited)";
				MARKETING_VERSION = 1.0;
				PRODUCT_BUNDLE_IDENTIFIER = com.thalesgroup.gemalto.tshpaysdk.sample;
				PRODUCT_NAME = "$(TARGET_NAME)";
				PROVISIONING_PROFILE_SPECIFIER = "";
				SWIFT_EMIT_LOC_STRINGS = YES;
				SWIFT_OBJC_BRIDGING_HEADER = "${SRCROOT}/TSHPaySample/TSHPaySample-Bridging-Header.h";
				SWIFT_VERSION = 5.0;
				TARGETED_DEVICE_FAMILY = "1,2";
			};
			name = Debug;
		};
		3E20FFC12C590AF0003DEB47 /* Release */ = {
			isa = XCBuildConfiguration;
			baseConfigurationReference = 27FCF2118BFAD6006A68B153 /* Pods-TSHPaySample.release.xcconfig */;
			buildSettings = {
				ASSETCATALOG_COMPILER_APPICON_NAME = AppIcon;
				ASSETCATALOG_COMPILER_GLOBAL_ACCENT_COLOR_NAME = AccentColor;
				BUILD_LIBRARY_FOR_DISTRIBUTION = NO;
				CODE_SIGN_ENTITLEMENTS = TSHPaySample/TSHPaySample.entitlements;
				CODE_SIGN_IDENTITY = "Apple Development";
				CODE_SIGN_STYLE = Manual;
				CURRENT_PROJECT_VERSION = 1;
				DEVELOPMENT_ASSET_PATHS = "\"TSHPaySample/Preview Content\"";
				DEVELOPMENT_TEAM = "";
				ENABLE_PREVIEWS = YES;
				ENABLE_USER_SCRIPT_SANDBOXING = false;
				GENERATE_INFOPLIST_FILE = YES;
				INFOPLIST_FILE = TSHPaySample/Info.plist;
				INFOPLIST_KEY_NSFaceIDUsageDescription = "TSHPaySample Authentication with TouchId or FaceID";
				INFOPLIST_KEY_UIApplicationSupportsIndirectInputEvents = YES;
				INFOPLIST_KEY_UILaunchScreen_Generation = YES;
				INFOPLIST_KEY_UISupportedInterfaceOrientations_iPad = "UIInterfaceOrientationPortrait UIInterfaceOrientationPortraitUpsideDown UIInterfaceOrientationLandscapeLeft UIInterfaceOrientationLandscapeRight";
				INFOPLIST_KEY_UISupportedInterfaceOrientations_iPhone = "UIInterfaceOrientationPortrait UIInterfaceOrientationLandscapeLeft UIInterfaceOrientationLandscapeRight";
				LD_RUNPATH_SEARCH_PATHS = (
					"$(inherited)",
					"@executable_path/Frameworks",
				);
				LIBRARY_SEARCH_PATHS = "$(inherited)";
				MARKETING_VERSION = 1.0;
				PRODUCT_BUNDLE_IDENTIFIER = com.thalesgroup.gemalto.tshpaysdk.sample;
				PRODUCT_NAME = "$(TARGET_NAME)";
				PROVISIONING_PROFILE_SPECIFIER = "";
				SWIFT_EMIT_LOC_STRINGS = YES;
				SWIFT_OBJC_BRIDGING_HEADER = "${SRCROOT}/TSHPaySample/TSHPaySample-Bridging-Header.h";
				SWIFT_VERSION = 5.0;
				TARGETED_DEVICE_FAMILY = "1,2";
			};
			name = Release;
		};
/* End XCBuildConfiguration section */

/* Begin XCConfigurationList section */
		3E20FFAC2C590AEE003DEB47 /* Build configuration list for PBXProject "TSHPaySample" */ = {
			isa = XCConfigurationList;
			buildConfigurations = (
				3E20FFBD2C590AF0003DEB47 /* Debug */,
				3E20FFBE2C590AF0003DEB47 /* Release */,
			);
			defaultConfigurationIsVisible = 0;
			defaultConfigurationName = Release;
		};
		3E20FFBF2C590AF0003DEB47 /* Build configuration list for PBXNativeTarget "TSHPaySample" */ = {
			isa = XCConfigurationList;
			buildConfigurations = (
				3E20FFC02C590AF0003DEB47 /* Debug */,
				3E20FFC12C590AF0003DEB47 /* Release */,
			);
			defaultConfigurationIsVisible = 0;
			defaultConfigurationName = Release;
		};
/* End XCConfigurationList section */
	};
	rootObject = 3E20FFA92C590AEE003DEB47 /* Project object */;
}
